<Solution>
  <Project Path="docker-compose.dcproj">
    <Build />
  </Project>
  <Project Path="Inventory-Management-be/Inventory-Management-be.csproj" />
  <Project Path="Inventory-Management.Application/Inventory-Management.Application.csproj" />
  <Project Path="Inventory-Management.Domain/Inventory-Management.Domain.csproj" />
  <Project Path="Inventory-Management.Infrastructure/Inventory-Management.Infrastructure.csproj" />
</Solution>
